{
  "name": "homebridge-shell-command",
  "version": "1.1.0",
  "lockfileVersion": 3,
  "requires": true,
  "packages": {
    "": {
      "name": "homebridge-shell-command",
      "version": "1.1.0",
      "license": "Apache-2.0",
      "engines": {
        "homebridge": "^1.8.0 || ^2.0.0",
        "node": "^18.20.4 || ^20.18.1 || ^22.0.0"
      }
    }
  }
}
